NeoBundleLock lightline.vim ac5e6df5cac0f3ff3078c51f715978288a5c351d
NeoBundleLock neobundle.vim 380d9d299300019c0a9970ae6b87faabedab0747
NeoBundleLock neocomplete.vim 14698b37d10b8ae18a4850aa784fdd3130e4ba3e
NeoBundleLock syntastic 4925c95026e6783458d598bdba1fe00578a9b263
NeoBundleLock unite.vim e34bc1977663d0f48c692e466be64a949f4c03d9
NeoBundleLock vim-hybrid cc58baabeabc7b83768e25b852bf89c34756bf90
NeoBundleLock vim-markdown 5c21f1677180b76310a05e5a9fce46de64c23041
NeoBundleLock vim-quickrun bb4daff0342ce3311b7f6c2fd3e2160f2be9e374
NeoBundleLock vim-ref 007b0ac409100cf2b83eb7dace5c8235e3737fef
NeoBundleLock vimproc.vim c2f6b82af60a4e7acde0e8dc4e6b6f5dc1cc8e1d
NeoBundleLock vimshell.vim d36fde6da558d4cad7a1d03a07fd5e1fcf299141
